
Microsoft Visual Studio Solution File, Format Version 12.00
# Visual Studio 14
VisualStudioVersion = 14.0.25420.1
MinimumVisualStudioVersion = 10.0.40219.1
Project("{FAE04EC0-301F-11D3-BF4B-00C04F79EFBC}") = "Modelos", "Modelos\Modelos.csproj", "{FBFF99A1-6980-41AB-87EE-CF168A269D2E}"
EndProject
Project("{FAE04EC0-301F-11D3-BF4B-00C04F79EFBC}") = "Controllers", "Controllers\Controllers.csproj", "{09B771C5-B9F1-4EEB-A5AE-C3E8473B268F}"
EndProject
Project("{FAE04EC0-301F-11D3-BF4B-00C04F79EFBC}") = "ConsoleView", "ConsoleView\ConsoleView.csproj", "{BB0ABD41-DADD-43DD-A5B7-F5DFD00E9389}"
EndProject
Global
	GlobalSection(SolutionConfigurationPlatforms) = preSolution
		Debug|Any CPU = Debug|Any CPU
		Debug|x86 = Debug|x86
		Release|Any CPU = Release|Any CPU
		Release|x86 = Release|x86
	EndGlobalSection
	GlobalSection(ProjectConfigurationPlatforms) = postSolution
		{FBFF99A1-6980-41AB-87EE-CF168A269D2E}.Debug|Any CPU.ActiveCfg = Release|Any CPU
		{FBFF99A1-6980-41AB-87EE-CF168A269D2E}.Debug|Any CPU.Build.0 = Release|Any CPU
		{FBFF99A1-6980-41AB-87EE-CF168A269D2E}.Debug|x86.ActiveCfg = Debug|x86
		{FBFF99A1-6980-41AB-87EE-CF168A269D2E}.Release|Any CPU.ActiveCfg = Release|Any CPU
		{FBFF99A1-6980-41AB-87EE-CF168A269D2E}.Release|Any CPU.Build.0 = Release|Any CPU
		{FBFF99A1-6980-41AB-87EE-CF168A269D2E}.Release|x86.ActiveCfg = Release|x86
		{FBFF99A1-6980-41AB-87EE-CF168A269D2E}.Release|x86.Build.0 = Release|x86
		{09B771C5-B9F1-4EEB-A5AE-C3E8473B268F}.Debug|Any CPU.ActiveCfg = Debug|Any CPU
		{09B771C5-B9F1-4EEB-A5AE-C3E8473B268F}.Debug|Any CPU.Build.0 = Debug|Any CPU
		{09B771C5-B9F1-4EEB-A5AE-C3E8473B268F}.Debug|x86.ActiveCfg = Debug|Any CPU
		{09B771C5-B9F1-4EEB-A5AE-C3E8473B268F}.Debug|x86.Build.0 = Debug|Any CPU
		{09B771C5-B9F1-4EEB-A5AE-C3E8473B268F}.Release|Any CPU.ActiveCfg = Release|Any CPU
		{09B771C5-B9F1-4EEB-A5AE-C3E8473B268F}.Release|Any CPU.Build.0 = Release|Any CPU
		{09B771C5-B9F1-4EEB-A5AE-C3E8473B268F}.Release|x86.ActiveCfg = Release|Any CPU
		{09B771C5-B9F1-4EEB-A5AE-C3E8473B268F}.Release|x86.Build.0 = Release|Any CPU
		{BB0ABD41-DADD-43DD-A5B7-F5DFD00E9389}.Debug|Any CPU.ActiveCfg = Debug|Any CPU
		{BB0ABD41-DADD-43DD-A5B7-F5DFD00E9389}.Debug|Any CPU.Build.0 = Debug|Any CPU
		{BB0ABD41-DADD-43DD-A5B7-F5DFD00E9389}.Debug|x86.ActiveCfg = Debug|Any CPU
		{BB0ABD41-DADD-43DD-A5B7-F5DFD00E9389}.Debug|x86.Build.0 = Debug|Any CPU
		{BB0ABD41-DADD-43DD-A5B7-F5DFD00E9389}.Release|Any CPU.ActiveCfg = Release|Any CPU
		{BB0ABD41-DADD-43DD-A5B7-F5DFD00E9389}.Release|Any CPU.Build.0 = Release|Any CPU
		{BB0ABD41-DADD-43DD-A5B7-F5DFD00E9389}.Release|x86.ActiveCfg = Release|Any CPU
		{BB0ABD41-DADD-43DD-A5B7-F5DFD00E9389}.Release|x86.Build.0 = Release|Any CPU
	EndGlobalSection
	GlobalSection(SolutionProperties) = preSolution
		HideSolutionNode = FALSE
	EndGlobalSection
EndGlobal
